{
  "nodes": {
    "aagl": {
      "inputs": {
        "flake-compat": "flake-compat",
        "nixpkgs": [
          "nixpkgs"
        ]
      },
      "locked": {
        "lastModified": 1732889580,
        "narHash": "sha256-67MC0DhkRPTPy/g76sm/jzMqcmUBIlX5qoSH5B27Twk=",
        "owner": "ezKEa",
        "repo": "aagl-gtk-on-nix",
        "rev": "5b6ceba740feaf260ec205e41e3dde8af510a547",
        "type": "github"
      },
      "original": {
        "owner": "ezKEa",
        "repo": "aagl-gtk-on-nix",
        "type": "github"
      }
    },
    "flake-compat": {
      "flake": false,
      "locked": {
        "lastModified": 1696426674,
        "narHash": "sha256-kvjfFW7WAETZlt09AgDn1MrtKzP7t90Vf7vypd3OL1U=",
        "owner": "edolstra",
        "repo": "flake-compat",
        "rev": "0f9255e01c2351cc7d116c072cb317785dd33b33",
        "type": "github"
      },
      "original": {
        "owner": "edolstra",
        "repo": "flake-compat",
        "type": "github"
      }
    },
    "home-manager": {
      "inputs": {
        "nixpkgs": [
          "nixpkgs"
        ]
      },
      "locked": {
        "lastModified": 1733133928,
        "narHash": "sha256-gU40r9AfpIr4eq+0noM8yH1Hxf+EA3dqfIpFtQl8Y1E=",
        "owner": "nix-community",
        "repo": "home-manager",
        "rev": "873e39d5f4437d2f3ab06881fea8e63e45e1d011",
        "type": "github"
      },
      "original": {
        "owner": "nix-community",
        "repo": "home-manager",
        "type": "github"
      }
    },
    "nerivations": {
      "inputs": {
        "nixpkgs": [
          "nixpkgs"
        ]
      },
      "locked": {
        "lastModified": 1733072340,
        "narHash": "sha256-KtoWDrg6+bwk/ua1M891qKe3M8o6+s/EM7gKYz/xx20=",
        "owner": "icedborn",
        "repo": "nerivations",
        "rev": "75425e0441c13bbfcf20841292f256fe2c689a88",
        "type": "github"
      },
      "original": {
        "owner": "icedborn",
        "repo": "nerivations",
        "type": "github"
      }
    },
    "nixpkgs": {
      "locked": {
        "lastModified": 1733015953,
        "narHash": "sha256-t4BBVpwG9B4hLgc6GUBuj3cjU7lP/PJfpTHuSqE+crk=",
        "owner": "NixOS",
        "repo": "nixpkgs",
        "rev": "ac35b104800bff9028425fec3b6e8a41de2bbfff",
        "type": "github"
      },
      "original": {
        "owner": "NixOS",
        "ref": "nixos-unstable",
        "repo": "nixpkgs",
        "type": "github"
      }
    },
    "pipewire-screenaudio": {
      "inputs": {
        "nixpkgs": [
          "nixpkgs"
        ]
      },
      "locked": {
        "lastModified": 1720719825,
        "narHash": "sha256-+StN4RWwuVHmGFHeDr815t8lTWmRNC16uGTx8jEffPw=",
        "owner": "IceDBorn",
        "repo": "pipewire-screenaudio",
        "rev": "bd404d0ee4b32fb797f2dcdeee3b6e773c06455c",
        "type": "github"
      },
      "original": {
        "owner": "IceDBorn",
        "repo": "pipewire-screenaudio",
        "type": "github"
      }
    },
    "root": {
      "inputs": {
        "aagl": "aagl",
        "home-manager": "home-manager",
        "nerivations": "nerivations",
        "nixpkgs": "nixpkgs",
        "pipewire-screenaudio": "pipewire-screenaudio",
        "shell-in-netns": "shell-in-netns"
      }
    },
    "shell-in-netns": {
      "inputs": {
        "nixpkgs": [
          "nixpkgs"
        ]
      },
      "locked": {
        "lastModified": 1707736399,
        "narHash": "sha256-se1vKp/vuiBS9IUl+9DTs+LXIT4OuHZ00k/nNv3AXtM=",
        "owner": "jim3692",
        "repo": "shell-in-netns",
        "rev": "b0b85e84f0675ff190929ee11a6c8ed90a9db9e0",
        "type": "github"
      },
      "original": {
        "owner": "jim3692",
        "repo": "shell-in-netns",
        "type": "github"
      }
    }
  },
  "root": "root",
  "version": 7
}
